
Microsoft Visual Studio Solution File, Format Version 12.00
# Visual Studio Version 16
VisualStudioVersion = 16.0.30907.101
MinimumVisualStudioVersion = 10.0.40219.1
Project("{FAE04EC0-301F-11D3-BF4B-00C04F79EFBC}") = "WebApplication1", "WebApplication1\WebApplication1.csproj", "{8284A8A8-8379-45AB-8BE6-0E4D432D7E0C}"
EndProject
Project("{FAE04EC0-301F-11D3-BF4B-00C04F79EFBC}") = "WebApplication1.Tests", "WebApplication1.Tests\WebApplication1.Tests.csproj", "{46A0BF98-D9FE-4732-8B7E-059CDABE44DB}"
EndProject
Global
	GlobalSection(SolutionConfigurationPlatforms) = preSolution
		Debug|Any CPU = Debug|Any CPU
		Release|Any CPU = Release|Any CPU
	EndGlobalSection
	GlobalSection(ProjectConfigurationPlatforms) = postSolution
		{8284A8A8-8379-45AB-8BE6-0E4D432D7E0C}.Debug|Any CPU.ActiveCfg = Debug|Any CPU
		{8284A8A8-8379-45AB-8BE6-0E4D432D7E0C}.Debug|Any CPU.Build.0 = Debug|Any CPU
		{8284A8A8-8379-45AB-8BE6-0E4D432D7E0C}.Release|Any CPU.ActiveCfg = Release|Any CPU
		{8284A8A8-8379-45AB-8BE6-0E4D432D7E0C}.Release|Any CPU.Build.0 = Release|Any CPU
		{46A0BF98-D9FE-4732-8B7E-059CDABE44DB}.Debug|Any CPU.ActiveCfg = Debug|Any CPU
		{46A0BF98-D9FE-4732-8B7E-059CDABE44DB}.Debug|Any CPU.Build.0 = Debug|Any CPU
		{46A0BF98-D9FE-4732-8B7E-059CDABE44DB}.Release|Any CPU.ActiveCfg = Release|Any CPU
		{46A0BF98-D9FE-4732-8B7E-059CDABE44DB}.Release|Any CPU.Build.0 = Release|Any CPU
	EndGlobalSection
	GlobalSection(SolutionProperties) = preSolution
		HideSolutionNode = FALSE
	EndGlobalSection
	GlobalSection(ExtensibilityGlobals) = postSolution
		SolutionGuid = {86FDB7D0-875D-4699-B5AB-35D9BA8C10BC}
	EndGlobalSection
EndGlobal
